
Microsoft Visual Studio Solution File, Format Version 12.00
# Visual Studio Version 17
VisualStudioVersion = 17.5.002.0
MinimumVisualStudioVersion = 10.0.40219.1
Project("{9A19103F-16F7-4668-BE54-9A1E7A4F7556}") = "AgenteInmLandingAPI", "AgenteInmLandingAPI.csproj", "{B9AF04B4-CD87-4A8D-94D5-DB102FD29298}"
EndProject
Project("{FAE04EC0-301F-11D3-BF4B-00C04F79EFBC}") = "Entities", "Entities\Entities.csproj", "{464BE606-EF4C-46E7-9B8E-61628D4F40E5}"
EndProject
Global
	GlobalSection(SolutionConfigurationPlatforms) = preSolution
		Debug|Any CPU = Debug|Any CPU
		Release|Any CPU = Release|Any CPU
	EndGlobalSection
	GlobalSection(ProjectConfigurationPlatforms) = postSolution
		{B9AF04B4-CD87-4A8D-94D5-DB102FD29298}.Debug|Any CPU.ActiveCfg = Debug|Any CPU
		{B9AF04B4-CD87-4A8D-94D5-DB102FD29298}.Debug|Any CPU.Build.0 = Debug|Any CPU
		{B9AF04B4-CD87-4A8D-94D5-DB102FD29298}.Release|Any CPU.ActiveCfg = Release|Any CPU
		{B9AF04B4-CD87-4A8D-94D5-DB102FD29298}.Release|Any CPU.Build.0 = Release|Any CPU
		{464BE606-EF4C-46E7-9B8E-61628D4F40E5}.Debug|Any CPU.ActiveCfg = Debug|Any CPU
		{464BE606-EF4C-46E7-9B8E-61628D4F40E5}.Debug|Any CPU.Build.0 = Debug|Any CPU
		{464BE606-EF4C-46E7-9B8E-61628D4F40E5}.Release|Any CPU.ActiveCfg = Release|Any CPU
		{464BE606-EF4C-46E7-9B8E-61628D4F40E5}.Release|Any CPU.Build.0 = Release|Any CPU
	EndGlobalSection
	GlobalSection(SolutionProperties) = preSolution
		HideSolutionNode = FALSE
	EndGlobalSection
	GlobalSection(ExtensibilityGlobals) = postSolution
		SolutionGuid = {C53A6934-2C84-401B-A885-B932CE281C97}
	EndGlobalSection
EndGlobal
